PODS:
  - ModelsTreeKit (1.1.0)

DEPENDENCIES:
  - ModelsTreeKit (from `git://github.com/mmrmmlrr/ModelsTreeKit`, branch `swift3`)

EXTERNAL SOURCES:
  ModelsTreeKit:
    :branch: swift3
    :git: git://github.com/mmrmmlrr/ModelsTreeKit

CHECKOUT OPTIONS:
  ModelsTreeKit:
    :commit: 4d4555428eeaa5bf6bb539a6794c4cb4df922c98
    :git: git://github.com/mmrmmlrr/ModelsTreeKit

SPEC CHECKSUMS:
  ModelsTreeKit: d85e39ceda76ad8ea44ccf42072b097f26946862

PODFILE CHECKSUM: 4b8089172b259ce21c333aee73f824af628b3f91

COCOAPODS: 1.0.1
